Microsoft Visual Studio Solution File, Format Version 11.00
# Visual Studio 2008

Project("{03ACBEBF-5CF4-7E75-95C6-37EDE83F6DF6}") = "2D Shooter", "Assembly-CSharp-firstpass.csproj", "{343FB5B3-C4F6-50A7-4028-660C04009165}"
EndProject
Project("{03ACBEBF-5CF4-7E75-95C6-37EDE83F6DF6}") = "2D Shooter", "Assembly-CSharp.csproj", "{94B959A6-B9EA-F53F-A2AE-D52A643BBC74}"
EndProject
Project("{03ACBEBF-5CF4-7E75-95C6-37EDE83F6DF6}") = "2D Shooter", "Assembly-CSharp-Editor.csproj", "{572D964D-1C6B-79D6-F9D1-A8B70612AE95}"
EndProject
Global
	GlobalSection(SolutionConfigurationPlatforms) = preSolution
		Debug|Any CPU = Debug|Any CPU
		Release|Any CPU = Release|Any CPU
	EndGlobalSection
	GlobalSection(ProjectConfigurationPlatforms) = postSolution
		{343FB5B3-C4F6-50A7-4028-660C04009165}.Debug|Any CPU.ActiveCfg = Debug|Any CPU
		{343FB5B3-C4F6-50A7-4028-660C04009165}.Debug|Any CPU.Build.0 = Debug|Any CPU
		{343FB5B3-C4F6-50A7-4028-660C04009165}.Release|Any CPU.ActiveCfg = Release|Any CPU
		{343FB5B3-C4F6-50A7-4028-660C04009165}.Release|Any CPU.Build.0 = Release|Any CPU
		{94B959A6-B9EA-F53F-A2AE-D52A643BBC74}.Debug|Any CPU.ActiveCfg = Debug|Any CPU
		{94B959A6-B9EA-F53F-A2AE-D52A643BBC74}.Debug|Any CPU.Build.0 = Debug|Any CPU
		{94B959A6-B9EA-F53F-A2AE-D52A643BBC74}.Release|Any CPU.ActiveCfg = Release|Any CPU
		{94B959A6-B9EA-F53F-A2AE-D52A643BBC74}.Release|Any CPU.Build.0 = Release|Any CPU
		{572D964D-1C6B-79D6-F9D1-A8B70612AE95}.Debug|Any CPU.ActiveCfg = Debug|Any CPU
		{572D964D-1C6B-79D6-F9D1-A8B70612AE95}.Debug|Any CPU.Build.0 = Debug|Any CPU
		{572D964D-1C6B-79D6-F9D1-A8B70612AE95}.Release|Any CPU.ActiveCfg = Release|Any CPU
		{572D964D-1C6B-79D6-F9D1-A8B70612AE95}.Release|Any CPU.Build.0 = Release|Any CPU
	EndGlobalSection
	GlobalSection(SolutionProperties) = preSolution
		HideSolutionNode = FALSE
	EndGlobalSection
																																GlobalSection(MonoDevelopProperties) = preSolution
		StartupItem = Assembly-CSharp.csproj
		Policies = $0
		$0.TextStylePolicy = $1
		$1.inheritsSet = null
		$1.scope = text/x-csharp
		$0.CSharpFormattingPolicy = $2
		$2.inheritsSet = Mono
		$2.inheritsScope = text/x-csharp
		$2.scope = text/x-csharp
		$0.TextStylePolicy = $3
		$3.FileWidth = 120
		$3.TabWidth = 4
		$3.IndentWidth = 4
		$3.EolMarker = Unix
		$3.inheritsSet = Mono
		$3.inheritsScope = text/plain
		$3.scope = text/plain
	EndGlobalSection

EndGlobal
